{
  "version": 4,
  "terraform_version": "1.9.8",
  "serial": 27,
  "lineage": "a3f665f2-0542-bf59-e153-560f645c922e",
  "outputs": {},
  "resources": [
    {
      "mode": "data",
      "type": "opennebula_datastore",
      "name": "datastore",
      "provider": "provider[\"registry.terraform.io/opennebula/opennebula\"]",
      "instances": [
        {
          "schema_version": 0,
          "attributes": {
            "id": "102",
            "name": "ceph_images_ssd",
            "tags": {
              "ALLOW_ORPHANS": "mixed",
              "BRIDGE_LIST": "gca-msk-a-srv-tvir16.astralinux.ru gca-msk-a-srv-tvir17.astralinux.ru",
              "CEPH_HOST": "10.177.129.201:3300 10.177.129.202:3300 10.177.129.203:3300 10.177.129.204:3300",
              "CEPH_SECRET": "1f542b74-3ca1-4f72-991e-24cb0bfd4e79",
              "CEPH_USER": "brest",
              "CLONE_TARGET": "SELF",
              "CLONE_TARGET_SHARED": "SELF",
              "CLONE_TARGET_SSH": "SYSTEM",
              "DISK_TYPE": "RBD",
              "DISK_TYPE_SHARED": "RBD",
              "DISK_TYPE_SSH": "FILE",
              "DRIVER": "raw",
              "DS_MAD": "ceph",
              "LN_TARGET": "NONE",
              "LN_TARGET_SHARED": "NONE",
              "LN_TARGET_SSH": "SYSTEM",
              "NAME": "ceph_images_ssd",
              "POOL_NAME": "brest_ssd",
              "TM_MAD": "ceph",
              "TM_MAD_SYSTEM": "ssh,shared",
              "TYPE": "IMAGE_DS"
            }
          },
          "sensitive_attributes": []
        }
      ]
    },
    {
      "mode": "data",
      "type": "opennebula_virtual_network",
      "name": "virtnetwork",
      "provider": "provider[\"registry.terraform.io/opennebula/opennebula\"]",
      "instances": [
        {
          "schema_version": 0,
          "attributes": {
            "id": "582",
            "mtu": null,
            "name": "astra_all3204",
            "tags": {
              "BRIDGE": "onebr.3204",
              "BRIDGE_TYPE": "linux",
              "DESCRIPTION": "Сеть без доступа в Интернет",
              "DNS": "10.177.128.198 10.177.180.248",
              "GATEWAY": "10.177.204.254",
              "NETWORK_ADDRESS": "10.177.204.0",
              "NETWORK_MASK": "255.255.255.0",
              "PHYDEV": "bond1",
              "SECURITY_GROUPS": "0",
              "VLAN_ID": "3204",
              "VN_MAD": "802.1Q"
            }
          },
          "sensitive_attributes": []
        }
      ]
    },
    {
      "mode": "managed",
      "type": "opennebula_image",
      "name": "alse_cloud_image",
      "provider": "provider[\"registry.terraform.io/opennebula/opennebula\"]",
      "instances": [
        {
          "schema_version": 0,
          "attributes": {
            "clone_from_image": null,
            "datastore_id": 102,
            "default_tags": {},
            "description": "Terraform Astra Cloud Image",
            "dev_prefix": "sd",
            "driver": "raw",
            "format": null,
            "gid": 217,
            "gname": "dvistcdstteam",
            "group": "dvistcdstteam",
            "id": "15674",
            "lock": "MANAGE",
            "name": "alse-cloud-image-1",
            "path": "https://dl.astralinux.ru/artifactory/mg-generic/alse/brest/alse-vanilla-1.7.4-brest-base-mg11.2.0.qcow2",
            "permissions": "660",
            "persistent": false,
            "size": null,
            "tags": {
              "environment": "teffarom-example"
            },
            "tags_all": {
              "environment": "teffarom-example"
            },
            "target": null,
            "template_section": [],
            "timeout": 20,
            "timeouts": null,
            "type": null,
            "uid": 47,
            "uname": "akorchagin"
          },
          "sensitive_attributes": [],
          "private": "eyJlMmJmYjczMC1lY2FhLTExZTYtOGY4OC0zNDM2M2JjN2M0YzAiOnsiY3JlYXRlIjoxMjAwMDAwMDAwMDAwLCJkZWxldGUiOjEyMDAwMDAwMDAwMDB9fQ==",
          "dependencies": [
            "data.opennebula_datastore.datastore"
          ]
        }
      ]
    },
    {
      "mode": "managed",
      "type": "opennebula_template",
      "name": "template",
      "provider": "provider[\"registry.terraform.io/opennebula/opennebula\"]",
      "instances": [
        {
          "schema_version": 0,
          "attributes": {
            "context": {
              "NETWORK": "YES",
              "SET_HOSTNAME": "test-template"
            },
            "cpu": 1,
            "cpumodel": [
              {
                "model": "host-passthrough"
              }
            ],
            "default_tags": {},
            "description": null,
            "disk": [
              {
                "cache": "",
                "dev_prefix": "",
                "discard": "",
                "driver": "",
                "image_id": 15674,
                "io": "",
                "size": 30000,
                "target": "vda",
                "volatile_format": "",
                "volatile_type": ""
              }
            ],
            "features": [
              {
                "acpi": "",
                "apic": "",
                "guest_agent": "YES",
                "hyperv": "",
                "iothreads": "",
                "localtime": "",
                "pae": "",
                "virtio_scsi_queues": ""
              }
            ],
            "gid": 217,
            "gname": "dvistcdstteam",
            "graphics": [
              {
                "keymap": "en-us",
                "listen": "0.0.0.0",
                "port": "",
                "type": "SPICE"
              }
            ],
            "group": "dvistcdstteam",
            "id": "31806",
            "lock": null,
            "memory": 2048,
            "name": "test-template",
            "nic": [
              {
                "ip": "",
                "mac": "",
                "model": "",
                "network": "",
                "network_id": 582,
                "physical_device": "",
                "security_groups": null,
                "virtio_queues": ""
              }
            ],
            "os": [
              {
                "arch": "x86_64",
                "boot": "disk0"
              }
            ],
            "permissions": "644",
            "raw": [],
            "reg_time": 1732802617,
            "sched_ds_requirements": "ID=\"100\"",
            "sched_requirements": null,
            "tags": null,
            "tags_all": {},
            "template_section": [],
            "uid": 47,
            "uname": "akorchagin",
            "user_inputs": null,
            "vcpu": 4,
            "vmgroup": null
          },
          "sensitive_attributes": [],
          "private": "bnVsbA==",
          "dependencies": [
            "data.opennebula_datastore.datastore",
            "data.opennebula_virtual_network.virtnetwork",
            "opennebula_image.alse_cloud_image"
          ]
        }
      ]
    },
    {
      "mode": "managed",
      "type": "opennebula_virtual_machine",
      "name": "terraform_demo_vms",
      "provider": "provider[\"registry.terraform.io/opennebula/opennebula\"]",
      "instances": [
        {
          "index_key": 0,
          "schema_version": 0,
          "attributes": {
            "context": null,
            "cpu": 1,
            "cpumodel": [],
            "default_tags": {},
            "description": "Test VM",
            "disk": [],
            "gid": 217,
            "gname": "dvistcdstteam",
            "graphics": [],
            "group": "dvistcdstteam",
            "hard_shutdown": false,
            "id": "61855",
            "ip": "10.177.204.148",
            "keep_nic_order": null,
            "lcmstate": 3,
            "lock": null,
            "memory": 1024,
            "name": "test-vm-1",
            "nic": [],
            "on_disk_change": "swap",
            "os": [],
            "pending": false,
            "permissions": "600",
            "sched_ds_requirements": null,
            "sched_requirements": null,
            "state": 3,
            "tags": {
              "AUTOSTARTVM": "1",
              "SERVICEUSERVM": "1"
            },
            "tags_all": {
              "AUTOSTARTVM": "1",
              "SERVICEUSERVM": "1"
            },
            "template_disk": [
              {
                "computed_cache": "",
                "computed_dev_prefix": "sd",
                "computed_discard": "",
                "computed_driver": "raw",
                "computed_io": "",
                "computed_size": 30000,
                "computed_target": "vda",
                "computed_volatile_format": "raw",
                "disk_id": 0,
                "image_id": 15674
              }
            ],
            "template_id": 31806,
            "template_nic": [
              {
                "computed_ip": "10.177.204.148",
                "computed_mac": "02:00:0a:b1:cc:94",
                "computed_model": "",
                "computed_physical_device": "bond1",
                "computed_security_groups": [
                  0
                ],
                "computed_virtio_queues": "",
                "network": "astra_all3204",
                "network_id": 582,
                "nic_id": 0
              }
            ],
            "template_section": [],
            "template_tags": {
              "CPU": "1.000000",
              "MEMORY": "2048",
              "SCHED_DS_REQUIREMENTS": "ID=\"100\"",
              "VCPU": "4"
            },
            "timeout": 20,
            "timeouts": null,
            "uid": 47,
            "uname": "akorchagin",
            "vcpu": 1,
            "vmgroup": null
          },
          "sensitive_attributes": [],
          "private": "eyJlMmJmYjczMC1lY2FhLTExZTYtOGY4OC0zNDM2M2JjN2M0YzAiOnsiY3JlYXRlIjoxMjAwMDAwMDAwMDAwLCJkZWxldGUiOjEyMDAwMDAwMDAwMDAsInVwZGF0ZSI6MTIwMDAwMDAwMDAwMH19",
          "dependencies": [
            "data.opennebula_datastore.datastore",
            "data.opennebula_virtual_network.virtnetwork",
            "opennebula_image.alse_cloud_image",
            "opennebula_template.template"
          ]
        }
      ]
    }
  ],
  "check_results": null
}
