{
  "version": 4,
  "terraform_version": "1.9.8",
  "serial": 147,
  "lineage": "bf7cd0d9-a5a7-f96f-856a-0a65d0d825fa",
  "outputs": {
    "vms_info": {
      "value": [
        {
          "vm_ip": "10.10.10.241",
          "vm_name": "testing_VM-1"
        }
      ],
      "type": [
        "tuple",
        [
          [
            "object",
            {
              "vm_ip": "string",
              "vm_name": "string"
            }
          ]
        ]
      ]
    }
  },
  "resources": [
    {
      "mode": "managed",
      "type": "libvirt_domain",
      "name": "vms",
      "provider": "provider[\"registry.terraform.io/dmacvicar/libvirt\"]",
      "instances": [
        {
          "index_key": 0,
          "schema_version": 0,
          "attributes": {
            "arch": "x86_64",
            "autostart": false,
            "boot_device": [],
            "cloudinit": null,
            "cmdline": null,
            "console": [],
            "coreos_ignition": null,
            "cpu": [
              {
                "mode": "custom"
              }
            ],
            "description": "",
            "disk": [
              {
                "block_device": "",
                "file": "",
                "scsi": false,
                "url": "",
                "volume_id": "/home/astralinux.ru/akorchagin/Work/terraform/terraform_pool/testing/testing_astra_1.qcow2",
                "wwn": ""
              }
            ],
            "emulator": "/usr/bin/qemu-system-x86_64",
            "filesystem": [],
            "firmware": null,
            "fw_cfg_name": "opt/com.coreos/config",
            "graphics": [],
            "id": "4c9a515e-3835-4d95-b332-11d6ef47b2b5",
            "initrd": "",
            "kernel": "",
            "machine": "pc",
            "memory": 2048,
            "metadata": null,
            "name": "testing_VM-1",
            "network_interface": [
              {
                "addresses": [
                  "10.10.10.241"
                ],
                "bridge": "",
                "hostname": "",
                "mac": "52:54:00:BE:6F:F5",
                "macvtap": "",
                "network_id": "0d81c4bf-124c-4348-b501-fc390645a9da",
                "network_name": "testing_terrafrom_network",
                "passthrough": "",
                "vepa": "",
                "wait_for_lease": true
              }
            ],
            "nvram": [],
            "qemu_agent": false,
            "running": true,
            "timeouts": null,
            "tpm": [],
            "vcpu": 1,
            "video": [],
            "xml": []
          },
          "sensitive_attributes": [],
          "private": "eyJlMmJmYjczMC1lY2FhLTExZTYtOGY4OC0zNDM2M2JjN2M0YzAiOnsiY3JlYXRlIjozMDAwMDAwMDAwMDB9fQ==",
          "dependencies": [
            "libvirt_network.terraform_network",
            "libvirt_pool.terraform_pool",
            "libvirt_volume.astra_image",
            "libvirt_volume.base"
          ]
        }
      ]
    },
    {
      "mode": "managed",
      "type": "libvirt_network",
      "name": "terraform_network",
      "provider": "provider[\"registry.terraform.io/dmacvicar/libvirt\"]",
      "instances": [
        {
          "schema_version": 0,
          "attributes": {
            "addresses": [
              "10.10.10.0/24"
            ],
            "autostart": false,
            "bridge": "virbr1",
            "dhcp": [
              {
                "enabled": true
              }
            ],
            "dns": [
              {
                "enabled": true,
                "forwarders": [],
                "hosts": [],
                "local_only": false,
                "srvs": []
              }
            ],
            "dnsmasq_options": [],
            "domain": "testing.local",
            "id": "0d81c4bf-124c-4348-b501-fc390645a9da",
            "mode": "nat",
            "mtu": null,
            "name": "testing_terrafrom_network",
            "routes": [],
            "xml": []
          },
          "sensitive_attributes": [],
          "private": "bnVsbA=="
        }
      ]
    },
    {
      "mode": "managed",
      "type": "libvirt_pool",
      "name": "terraform_pool",
      "provider": "provider[\"registry.terraform.io/dmacvicar/libvirt\"]",
      "instances": [
        {
          "schema_version": 0,
          "attributes": {
            "allocation": 482807504896,
            "available": 522633736192,
            "capacity": 1005441241088,
            "id": "51226604-b481-4213-853f-d5b4acbc0c32",
            "name": "testing_pool",
            "path": "/home/astralinux.ru/akorchagin/Work/terraform/terraform_pool/testing",
            "type": "dir",
            "xml": []
          },
          "sensitive_attributes": [],
          "private": "bnVsbA=="
        }
      ]
    },
    {
      "mode": "managed",
      "type": "libvirt_volume",
      "name": "astra_image",
      "provider": "provider[\"registry.terraform.io/dmacvicar/libvirt\"]",
      "instances": [
        {
          "index_key": 0,
          "schema_version": 0,
          "attributes": {
            "base_volume_id": "/home/astralinux.ru/akorchagin/Work/terraform/terraform_pool/testing/testing_disk.qcow2",
            "base_volume_name": null,
            "base_volume_pool": null,
            "format": "qcow2",
            "id": "/home/astralinux.ru/akorchagin/Work/terraform/terraform_pool/testing/testing_astra_1.qcow2",
            "name": "testing_astra_1.qcow2",
            "pool": "testing_pool",
            "size": 21474836480,
            "source": null,
            "xml": []
          },
          "sensitive_attributes": [],
          "private": "bnVsbA==",
          "dependencies": [
            "libvirt_pool.terraform_pool",
            "libvirt_volume.base"
          ]
        }
      ]
    },
    {
      "mode": "managed",
      "type": "libvirt_volume",
      "name": "base",
      "provider": "provider[\"registry.terraform.io/dmacvicar/libvirt\"]",
      "instances": [
        {
          "schema_version": 0,
          "attributes": {
            "base_volume_id": null,
            "base_volume_name": null,
            "base_volume_pool": null,
            "format": "qcow2",
            "id": "/home/astralinux.ru/akorchagin/Work/terraform/terraform_pool/testing/testing_disk.qcow2",
            "name": "testing_disk.qcow2",
            "pool": "testing_pool",
            "size": 20971520000,
            "source": "https://dl.astralinux.ru/artifactory/mg-generic/alse/qemu/alse-vanilla-1.7.5uu1-qemu-max-mg12.5.0.qcow2",
            "xml": []
          },
          "sensitive_attributes": [],
          "private": "bnVsbA==",
          "dependencies": [
            "libvirt_pool.terraform_pool"
          ]
        }
      ]
    }
  ],
  "check_results": null
}
