{
  "version": 4,
  "terraform_version": "1.9.8",
  "serial": 50,
  "lineage": "534f8631-559d-87d8-d93e-53d62e71dc1f",
  "outputs": {
    "vm_ip": {
      "value": "10.100.100.173",
      "type": "string"
    }
  },
  "resources": [
    {
      "mode": "managed",
      "type": "libvirt_cloudinit_disk",
      "name": "commoninit",
      "provider": "provider[\"registry.terraform.io/dmacvicar/libvirt\"]",
      "instances": [
        {
          "schema_version": 0,
          "attributes": {
            "id": "/var/lib/libvirt/images/cmn_init-vm_1.iso;f6b16ac4-aa48-4683-a160-459247a51faf",
            "meta_data": "",
            "name": "cmn_init-vm_1.iso",
            "network_config": "",
            "pool": "default",
            "user_data": "#cloud-config\nhostname: vm_1\nusers:\n    - name: admin\n      passwd: \"$gost12512hash$143WhOMgBIlGtWPp$SsSeKj/RAXt5beZWJ86am8QQ8hV.HRBHhHTXKrMNvOC.qwQXzQEZesTDK7biB4tbAP6xynQkZ9Kfu7Sguvdsr.\"\n      groups: astra-admin\n      shell: /bin/bash\n      lock_passwd: false\n      ssh_authorized_keys:\n      - ssh-rsa AAAAB3NzaC1yc2EAAAADAQABAAABAQC4ZgBveyb4JbabSbxAVSEoCKk1FG6yy/nWZSEeLjKOE17dtD8BrKPXn0EBiFdCQm13t1rcpY77onerY8WTdDgIEqQbxtiegSXSGJHqMncC1O4wpy/lfrLZ3ysDOHmrRvlipJDf+9ig6RzeHol1Aedk85qwwJpjwaIcn3yDVmlFv++Q+utLJhv0LPnwwWVVrVI1FsB+dm5yshAFvIILG71Xv7JRcpixc4FAQ/t3KXwceTF3ztVsfIyALp8eS2M6pcVIHaf44XT+TaoYJ6L0tfWiA8eVLdpD+Mxvb/ROXLhkKRSelD8LuXXE+8I+FR6MKioc3jiVjI/C8DMSR6IicjIJ akorchagin@rbta-msk-lt-205810.astralinux.ru"
          },
          "sensitive_attributes": [],
          "private": "bnVsbA=="
        }
      ]
    },
    {
      "mode": "managed",
      "type": "libvirt_domain",
      "name": "vm",
      "provider": "provider[\"registry.terraform.io/dmacvicar/libvirt\"]",
      "instances": [
        {
          "schema_version": 0,
          "attributes": {
            "arch": "x86_64",
            "autostart": false,
            "boot_device": [],
            "cloudinit": "/var/lib/libvirt/images/cmn_init-vm_1.iso;f6b16ac4-aa48-4683-a160-459247a51faf",
            "cmdline": null,
            "console": [],
            "coreos_ignition": null,
            "cpu": [
              {
                "mode": "custom"
              }
            ],
            "description": "",
            "disk": [
              {
                "block_device": "",
                "file": "",
                "scsi": false,
                "url": "",
                "volume_id": "/home/astralinux.ru/akorchagin/Work/terraform/terraform_pool/astra_image.qcow2",
                "wwn": ""
              }
            ],
            "emulator": "/usr/bin/qemu-system-x86_64",
            "filesystem": [],
            "firmware": null,
            "fw_cfg_name": "opt/com.coreos/config",
            "graphics": [],
            "id": "1e5075be-2d2c-42ca-bfc2-c4905df7fbb4",
            "initrd": "",
            "kernel": "",
            "machine": "pc",
            "memory": 2048,
            "metadata": null,
            "name": "vm_1",
            "network_interface": [
              {
                "addresses": [
                  "10.100.100.173"
                ],
                "bridge": "",
                "hostname": "",
                "mac": "52:54:00:72:0C:C8",
                "macvtap": "",
                "network_id": "630d3862-6cfb-4f8e-a833-486062f029dc",
                "network_name": "terrafrom_network",
                "passthrough": "",
                "vepa": "",
                "wait_for_lease": true
              }
            ],
            "nvram": [],
            "qemu_agent": false,
            "running": true,
            "timeouts": null,
            "tpm": [],
            "vcpu": 2,
            "video": [],
            "xml": []
          },
          "sensitive_attributes": [],
          "private": "eyJlMmJmYjczMC1lY2FhLTExZTYtOGY4OC0zNDM2M2JjN2M0YzAiOnsiY3JlYXRlIjozMDAwMDAwMDAwMDB9fQ==",
          "dependencies": [
            "libvirt_cloudinit_disk.commoninit",
            "libvirt_network.terraform_network",
            "libvirt_pool.terraform_pool",
            "libvirt_volume.astra_image",
            "libvirt_volume.base"
          ]
        }
      ]
    },
    {
      "mode": "managed",
      "type": "libvirt_network",
      "name": "terraform_network",
      "provider": "provider[\"registry.terraform.io/dmacvicar/libvirt\"]",
      "instances": [
        {
          "schema_version": 0,
          "attributes": {
            "addresses": [
              "10.100.100.0/24"
            ],
            "autostart": false,
            "bridge": "virbr1",
            "dhcp": [
              {
                "enabled": true
              }
            ],
            "dns": [
              {
                "enabled": true,
                "forwarders": [],
                "hosts": [],
                "local_only": false,
                "srvs": []
              }
            ],
            "dnsmasq_options": [],
            "domain": "terraform.local",
            "id": "630d3862-6cfb-4f8e-a833-486062f029dc",
            "mode": "nat",
            "mtu": null,
            "name": "terrafrom_network",
            "routes": [],
            "xml": []
          },
          "sensitive_attributes": [],
          "private": "bnVsbA=="
        }
      ]
    },
    {
      "mode": "managed",
      "type": "libvirt_pool",
      "name": "terraform_pool",
      "provider": "provider[\"registry.terraform.io/dmacvicar/libvirt\"]",
      "instances": [
        {
          "schema_version": 0,
          "attributes": {
            "allocation": 610575073280,
            "available": 394866167808,
            "capacity": 1005441241088,
            "id": "6daba85a-78c6-4d0a-9120-193778f48752",
            "name": "terraform_pool",
            "path": "/home/astralinux.ru/akorchagin/Work/terraform/terraform_pool",
            "type": "dir",
            "xml": []
          },
          "sensitive_attributes": [],
          "private": "bnVsbA=="
        }
      ]
    },
    {
      "mode": "managed",
      "type": "libvirt_volume",
      "name": "astra_image",
      "provider": "provider[\"registry.terraform.io/dmacvicar/libvirt\"]",
      "instances": [
        {
          "schema_version": 0,
          "attributes": {
            "base_volume_id": "/home/astralinux.ru/akorchagin/Work/terraform/terraform_pool/base-img.qcow2",
            "base_volume_name": null,
            "base_volume_pool": null,
            "format": "qcow2",
            "id": "/home/astralinux.ru/akorchagin/Work/terraform/terraform_pool/astra_image.qcow2",
            "name": "astra_image.qcow2",
            "pool": "terraform_pool",
            "size": 32212254720,
            "source": null,
            "xml": []
          },
          "sensitive_attributes": [],
          "private": "bnVsbA==",
          "dependencies": [
            "libvirt_pool.terraform_pool",
            "libvirt_volume.base"
          ]
        }
      ]
    },
    {
      "mode": "managed",
      "type": "libvirt_volume",
      "name": "base",
      "provider": "provider[\"registry.terraform.io/dmacvicar/libvirt\"]",
      "instances": [
        {
          "schema_version": 0,
          "attributes": {
            "base_volume_id": null,
            "base_volume_name": null,
            "base_volume_pool": null,
            "format": "qcow2",
            "id": "/home/astralinux.ru/akorchagin/Work/terraform/terraform_pool/base-img.qcow2",
            "name": "base-img.qcow2",
            "pool": "terraform_pool",
            "size": 3145728000,
            "source": "https://dl.astralinux.ru/artifactory/mg-generic/alse/cloud/alse-vanilla-1.7.5uu1-cloud-max-mg12.5.0.qcow2",
            "xml": []
          },
          "sensitive_attributes": [],
          "private": "bnVsbA==",
          "dependencies": [
            "libvirt_pool.terraform_pool"
          ]
        }
      ]
    }
  ],
  "check_results": null
}
