{
  "version": 4,
  "terraform_version": "1.9.8",
  "serial": 22,
  "lineage": "2ef60e61-2792-559d-168e-137358f40334",
  "outputs": {},
  "resources": [
    {
      "mode": "data",
      "type": "template_file",
      "name": "user_data",
      "provider": "provider[\"registry.terraform.io/hashicorp/template\"]",
      "instances": [
        {
          "schema_version": 0,
          "attributes": {
            "filename": null,
            "id": "0e0c512310b8dff445d5c790d87c84cbc49c9aa5ad8c2f55a8fb5cb174334ee5",
            "rendered": "#cloud-config\nhostname: Pjct-Skynet-web\nusers:\n    - name: admin\n      passwd: \"$gost12512hash$143WhOMgBIlGtWPp$SsSeKj/RAXt5beZWJ86am8QQ8hV.HRBHhHTXKrMNvOC.qwQXzQEZesTDK7biB4tbAP6xynQkZ9Kfu7Sguvdsr.\"\n      groups: astra-admin\n      shell: /bin/bash\n      lock_passwd: false\n      ssh_authorized_keys:\n      - ssh-rsa AAAAB3NzaC1yc2EAAAADAQABAAABAQC4ZgBveyb4JbabSbxAVSEoCKk1FG6yy/nWZSEeLjKOE17dtD8BrKPXn0EBiFdCQm13t1rcpY77onerY8WTdDgIEqQbxtiegSXSGJHqMncC1O4wpy/lfrLZ3ysDOHmrRvlipJDf+9ig6RzeHol1Aedk85qwwJpjwaIcn3yDVmlFv++Q+utLJhv0LPnwwWVVrVI1FsB+dm5yshAFvIILG71Xv7JRcpixc4FAQ/t3KXwceTF3ztVsfIyALp8eS2M6pcVIHaf44XT+TaoYJ6L0tfWiA8eVLdpD+Mxvb/ROXLhkKRSelD8LuXXE+8I+FR6MKioc3jiVjI/C8DMSR6IicjIJ akorchagin@rbta-msk-lt-205810.astralinux.ru\n\npackage_update: true\n\npackages:\n    - nginx\n\nwrite_files:\n    - path: /var/www/html/index.html\n      owner: www-data:www-data\n      mode: 0755\n      content: |\n        \u003ch1\u003eWeb Page by Terraform.\u003c/h1\u003e",
            "template": "#cloud-config\nhostname: ${hostname}\nusers:\n    - name: admin\n      passwd: \"$gost12512hash$143WhOMgBIlGtWPp$SsSeKj/RAXt5beZWJ86am8QQ8hV.HRBHhHTXKrMNvOC.qwQXzQEZesTDK7biB4tbAP6xynQkZ9Kfu7Sguvdsr.\"\n      groups: astra-admin\n      shell: /bin/bash\n      lock_passwd: false\n      ssh_authorized_keys:\n      - ssh-rsa AAAAB3NzaC1yc2EAAAADAQABAAABAQC4ZgBveyb4JbabSbxAVSEoCKk1FG6yy/nWZSEeLjKOE17dtD8BrKPXn0EBiFdCQm13t1rcpY77onerY8WTdDgIEqQbxtiegSXSGJHqMncC1O4wpy/lfrLZ3ysDOHmrRvlipJDf+9ig6RzeHol1Aedk85qwwJpjwaIcn3yDVmlFv++Q+utLJhv0LPnwwWVVrVI1FsB+dm5yshAFvIILG71Xv7JRcpixc4FAQ/t3KXwceTF3ztVsfIyALp8eS2M6pcVIHaf44XT+TaoYJ6L0tfWiA8eVLdpD+Mxvb/ROXLhkKRSelD8LuXXE+8I+FR6MKioc3jiVjI/C8DMSR6IicjIJ akorchagin@rbta-msk-lt-205810.astralinux.ru\n\npackage_update: true\n\npackages:\n    - nginx\n\nwrite_files:\n    - path: /var/www/html/index.html\n      owner: www-data:www-data\n      mode: 0755\n      content: |\n        \u003ch1\u003eWeb Page by Terraform.\u003c/h1\u003e",
            "vars": {
              "hostname": "Pjct-Skynet-web"
            }
          },
          "sensitive_attributes": []
        }
      ]
    },
    {
      "mode": "managed",
      "type": "libvirt_cloudinit_disk",
      "name": "commoninit",
      "provider": "provider[\"registry.terraform.io/dmacvicar/libvirt\"]",
      "instances": [
        {
          "schema_version": 0,
          "attributes": {
            "id": "/var/lib/libvirt/images/cmn_init-Pjct-Skynet-web.iso;221f69b7-fb23-4163-bec8-820d5f6bb7ec",
            "meta_data": "",
            "name": "cmn_init-Pjct-Skynet-web.iso",
            "network_config": "",
            "pool": "default",
            "user_data": "#cloud-config\nhostname: Pjct-Skynet-web\nusers:\n    - name: admin\n      passwd: \"$gost12512hash$143WhOMgBIlGtWPp$SsSeKj/RAXt5beZWJ86am8QQ8hV.HRBHhHTXKrMNvOC.qwQXzQEZesTDK7biB4tbAP6xynQkZ9Kfu7Sguvdsr.\"\n      groups: astra-admin\n      shell: /bin/bash\n      lock_passwd: false\n      ssh_authorized_keys:\n      - ssh-rsa AAAAB3NzaC1yc2EAAAADAQABAAABAQC4ZgBveyb4JbabSbxAVSEoCKk1FG6yy/nWZSEeLjKOE17dtD8BrKPXn0EBiFdCQm13t1rcpY77onerY8WTdDgIEqQbxtiegSXSGJHqMncC1O4wpy/lfrLZ3ysDOHmrRvlipJDf+9ig6RzeHol1Aedk85qwwJpjwaIcn3yDVmlFv++Q+utLJhv0LPnwwWVVrVI1FsB+dm5yshAFvIILG71Xv7JRcpixc4FAQ/t3KXwceTF3ztVsfIyALp8eS2M6pcVIHaf44XT+TaoYJ6L0tfWiA8eVLdpD+Mxvb/ROXLhkKRSelD8LuXXE+8I+FR6MKioc3jiVjI/C8DMSR6IicjIJ akorchagin@rbta-msk-lt-205810.astralinux.ru\n\npackage_update: true\n\npackages:\n    - nginx\n\nwrite_files:\n    - path: /var/www/html/index.html\n      owner: www-data:www-data\n      mode: 0755\n      content: |\n        \u003ch1\u003eWeb Page by Terraform.\u003c/h1\u003e"
          },
          "sensitive_attributes": [],
          "private": "bnVsbA==",
          "dependencies": [
            "data.template_file.user_data"
          ]
        }
      ]
    },
    {
      "mode": "managed",
      "type": "libvirt_domain",
      "name": "vm",
      "provider": "provider[\"registry.terraform.io/dmacvicar/libvirt\"]",
      "instances": [
        {
          "schema_version": 0,
          "attributes": {
            "arch": "x86_64",
            "autostart": false,
            "boot_device": [],
            "cloudinit": "/var/lib/libvirt/images/cmn_init-Pjct-Skynet-web.iso;221f69b7-fb23-4163-bec8-820d5f6bb7ec",
            "cmdline": null,
            "console": [],
            "coreos_ignition": null,
            "cpu": [
              {
                "mode": "custom"
              }
            ],
            "description": "",
            "disk": [
              {
                "block_device": "",
                "file": "",
                "scsi": false,
                "url": "",
                "volume_id": "/home/astralinux.ru/akorchagin/Work/terraform/terraform_pool/astra_image.qcow2",
                "wwn": ""
              }
            ],
            "emulator": "/usr/bin/qemu-system-x86_64",
            "filesystem": [],
            "firmware": null,
            "fw_cfg_name": "opt/com.coreos/config",
            "graphics": [],
            "id": "37c4afad-49df-4ad6-8dfa-63000248a741",
            "initrd": "",
            "kernel": "",
            "machine": "pc",
            "memory": 2048,
            "metadata": null,
            "name": "Pjct-Skynet-web",
            "network_interface": [
              {
                "addresses": [
                  "10.100.100.160"
                ],
                "bridge": "",
                "hostname": "",
                "mac": "52:54:00:3A:3D:4F",
                "macvtap": "",
                "network_id": "d506cd85-9c77-4afd-8cdd-24255f934a36",
                "network_name": "terrafrom_network",
                "passthrough": "",
                "vepa": "",
                "wait_for_lease": true
              }
            ],
            "nvram": [],
            "qemu_agent": false,
            "running": true,
            "timeouts": null,
            "tpm": [],
            "vcpu": 2,
            "video": [],
            "xml": []
          },
          "sensitive_attributes": [],
          "private": "eyJlMmJmYjczMC1lY2FhLTExZTYtOGY4OC0zNDM2M2JjN2M0YzAiOnsiY3JlYXRlIjozMDAwMDAwMDAwMDB9fQ==",
          "dependencies": [
            "data.template_file.user_data",
            "libvirt_cloudinit_disk.commoninit",
            "libvirt_network.terraform_network",
            "libvirt_pool.terraform_pool",
            "libvirt_volume.astra_image",
            "libvirt_volume.base"
          ]
        }
      ]
    },
    {
      "mode": "managed",
      "type": "libvirt_network",
      "name": "terraform_network",
      "provider": "provider[\"registry.terraform.io/dmacvicar/libvirt\"]",
      "instances": [
        {
          "schema_version": 0,
          "attributes": {
            "addresses": [
              "10.100.100.0/24"
            ],
            "autostart": false,
            "bridge": "virbr1",
            "dhcp": [
              {
                "enabled": true
              }
            ],
            "dns": [
              {
                "enabled": true,
                "forwarders": [],
                "hosts": [],
                "local_only": false,
                "srvs": []
              }
            ],
            "dnsmasq_options": [],
            "domain": "terraform.local",
            "id": "d506cd85-9c77-4afd-8cdd-24255f934a36",
            "mode": "nat",
            "mtu": null,
            "name": "terrafrom_network",
            "routes": [],
            "xml": []
          },
          "sensitive_attributes": [],
          "private": "bnVsbA=="
        }
      ]
    },
    {
      "mode": "managed",
      "type": "libvirt_pool",
      "name": "terraform_pool",
      "provider": "provider[\"registry.terraform.io/dmacvicar/libvirt\"]",
      "instances": [
        {
          "schema_version": 0,
          "attributes": {
            "allocation": 455885574144,
            "available": 549555666944,
            "capacity": 1005441241088,
            "id": "739f4e98-1ede-4833-8df4-988faaa87121",
            "name": "terraform_pool",
            "path": "/home/astralinux.ru/akorchagin/Work/terraform/terraform_pool",
            "type": "dir",
            "xml": []
          },
          "sensitive_attributes": [],
          "private": "bnVsbA=="
        }
      ]
    },
    {
      "mode": "managed",
      "type": "libvirt_volume",
      "name": "astra_image",
      "provider": "provider[\"registry.terraform.io/dmacvicar/libvirt\"]",
      "instances": [
        {
          "schema_version": 0,
          "attributes": {
            "base_volume_id": "/home/astralinux.ru/akorchagin/Work/terraform/terraform_pool/base-img.qcow2",
            "base_volume_name": null,
            "base_volume_pool": null,
            "format": "qcow2",
            "id": "/home/astralinux.ru/akorchagin/Work/terraform/terraform_pool/astra_image.qcow2",
            "name": "astra_image.qcow2",
            "pool": "terraform_pool",
            "size": 32212254720,
            "source": null,
            "xml": []
          },
          "sensitive_attributes": [],
          "private": "bnVsbA==",
          "dependencies": [
            "libvirt_pool.terraform_pool",
            "libvirt_volume.base"
          ]
        }
      ]
    },
    {
      "mode": "managed",
      "type": "libvirt_volume",
      "name": "base",
      "provider": "provider[\"registry.terraform.io/dmacvicar/libvirt\"]",
      "instances": [
        {
          "schema_version": 0,
          "attributes": {
            "base_volume_id": null,
            "base_volume_name": null,
            "base_volume_pool": null,
            "format": "qcow2",
            "id": "/home/astralinux.ru/akorchagin/Work/terraform/terraform_pool/base-img.qcow2",
            "name": "base-img.qcow2",
            "pool": "terraform_pool",
            "size": 3145728000,
            "source": "https://dl.astralinux.ru/artifactory/mg-generic/alse/cloud/alse-vanilla-1.7.5uu1-cloud-max-mg12.5.0.qcow2",
            "xml": []
          },
          "sensitive_attributes": [],
          "private": "bnVsbA==",
          "dependencies": [
            "libvirt_pool.terraform_pool"
          ]
        }
      ]
    }
  ],
  "check_results": null
}
