{
  "version": 4,
  "terraform_version": "1.9.8",
  "serial": 215,
  "lineage": "26125d42-1354-73f2-4c3d-ad1ee53580e5",
  "outputs": {},
  "resources": [
    {
      "mode": "managed",
      "type": "libvirt_domain",
      "name": "database",
      "provider": "provider[\"registry.terraform.io/dmacvicar/libvirt\"]",
      "instances": [
        {
          "schema_version": 0,
          "attributes": {
            "arch": "x86_64",
            "autostart": true,
            "boot_device": [],
            "cloudinit": null,
            "cmdline": null,
            "console": [],
            "coreos_ignition": null,
            "cpu": [
              {
                "mode": "custom"
              }
            ],
            "description": "",
            "disk": [
              {
                "block_device": "",
                "file": "",
                "scsi": false,
                "url": "",
                "volume_id": "/home/astralinux.ru/akorchagin/Work/terraform/terraform_pool/database_image.qcow2",
                "wwn": ""
              }
            ],
            "emulator": "/usr/bin/qemu-system-x86_64",
            "filesystem": [],
            "firmware": null,
            "fw_cfg_name": "opt/com.coreos/config",
            "graphics": [],
            "id": "856fceb4-ee4f-4fbe-987a-a7db56405da4",
            "initrd": "",
            "kernel": "",
            "machine": "pc",
            "memory": 4096,
            "metadata": null,
            "name": "database",
            "network_interface": [
              {
                "addresses": [
                  "10.100.100.20"
                ],
                "bridge": "",
                "hostname": "database",
                "mac": "52:54:00:76:08:23",
                "macvtap": "",
                "network_id": "9355f486-cfe0-4a03-b70a-a6cfa7018313",
                "network_name": "terrafrom_network",
                "passthrough": "",
                "vepa": "",
                "wait_for_lease": true
              }
            ],
            "nvram": [],
            "qemu_agent": false,
            "running": true,
            "timeouts": null,
            "tpm": [],
            "vcpu": 4,
            "video": [],
            "xml": []
          },
          "sensitive_attributes": [],
          "private": "eyJlMmJmYjczMC1lY2FhLTExZTYtOGY4OC0zNDM2M2JjN2M0YzAiOnsiY3JlYXRlIjozMDAwMDAwMDAwMDB9fQ==",
          "dependencies": [
            "libvirt_network.terraform_network",
            "libvirt_pool.terraform_pool",
            "libvirt_volume.base",
            "libvirt_volume.database_image"
          ]
        }
      ]
    },
    {
      "mode": "managed",
      "type": "libvirt_domain",
      "name": "tester",
      "provider": "provider[\"registry.terraform.io/dmacvicar/libvirt\"]",
      "instances": [
        {
          "schema_version": 0,
          "attributes": {
            "arch": "x86_64",
            "autostart": false,
            "boot_device": [
              {
                "dev": [
                  "cdrom",
                  "hd",
                  "network"
                ]
              }
            ],
            "cloudinit": null,
            "cmdline": null,
            "console": [],
            "coreos_ignition": null,
            "cpu": [
              {
                "mode": "custom"
              }
            ],
            "description": "",
            "disk": [
              {
                "block_device": "",
                "file": "/home/astralinux.ru/akorchagin/Work/iso/installation-1.7.5.16-06.02.24_14.21.iso",
                "scsi": false,
                "url": "",
                "volume_id": "",
                "wwn": ""
              },
              {
                "block_device": "",
                "file": "",
                "scsi": false,
                "url": "",
                "volume_id": "/home/astralinux.ru/akorchagin/Work/terraform/terraform_pool/tester_image.qcow2",
                "wwn": ""
              }
            ],
            "emulator": "/usr/bin/qemu-system-x86_64",
            "filesystem": [],
            "firmware": null,
            "fw_cfg_name": "opt/com.coreos/config",
            "graphics": [],
            "id": "048560ab-48c2-4438-978f-67b1ebc01567",
            "initrd": "",
            "kernel": "",
            "machine": "pc",
            "memory": 4096,
            "metadata": null,
            "name": "tester",
            "network_interface": [
              {
                "addresses": [],
                "bridge": "",
                "hostname": "",
                "mac": "52:54:00:3A:32:A9",
                "macvtap": "",
                "network_id": "9355f486-cfe0-4a03-b70a-a6cfa7018313",
                "network_name": "terrafrom_network",
                "passthrough": "",
                "vepa": "",
                "wait_for_lease": false
              }
            ],
            "nvram": [],
            "qemu_agent": false,
            "running": false,
            "timeouts": null,
            "tpm": [],
            "vcpu": 4,
            "video": [],
            "xml": []
          },
          "sensitive_attributes": [],
          "private": "eyJlMmJmYjczMC1lY2FhLTExZTYtOGY4OC0zNDM2M2JjN2M0YzAiOnsiY3JlYXRlIjozMDAwMDAwMDAwMDB9fQ==",
          "dependencies": [
            "libvirt_network.terraform_network",
            "libvirt_pool.terraform_pool",
            "libvirt_volume.tester_image"
          ]
        }
      ]
    },
    {
      "mode": "managed",
      "type": "libvirt_domain",
      "name": "webserver",
      "provider": "provider[\"registry.terraform.io/dmacvicar/libvirt\"]",
      "instances": [
        {
          "schema_version": 0,
          "attributes": {
            "arch": "x86_64",
            "autostart": true,
            "boot_device": [],
            "cloudinit": null,
            "cmdline": null,
            "console": [],
            "coreos_ignition": null,
            "cpu": [
              {
                "mode": "custom"
              }
            ],
            "description": "",
            "disk": [
              {
                "block_device": "",
                "file": "",
                "scsi": false,
                "url": "",
                "volume_id": "/home/astralinux.ru/akorchagin/Work/terraform/terraform_pool/webserwer_image.qcow2",
                "wwn": ""
              }
            ],
            "emulator": "/usr/bin/qemu-system-x86_64",
            "filesystem": [],
            "firmware": null,
            "fw_cfg_name": "opt/com.coreos/config",
            "graphics": [],
            "id": "1cc3cb7b-3500-47b9-8d6e-7b8c71b9b2c2",
            "initrd": "",
            "kernel": "",
            "machine": "pc",
            "memory": 1024,
            "metadata": null,
            "name": "webserver",
            "network_interface": [
              {
                "addresses": [
                  "10.100.100.10"
                ],
                "bridge": "",
                "hostname": "webserver",
                "mac": "52:54:00:62:2D:77",
                "macvtap": "",
                "network_id": "9355f486-cfe0-4a03-b70a-a6cfa7018313",
                "network_name": "terrafrom_network",
                "passthrough": "",
                "vepa": "",
                "wait_for_lease": true
              }
            ],
            "nvram": [],
            "qemu_agent": false,
            "running": true,
            "timeouts": null,
            "tpm": [],
            "vcpu": 2,
            "video": [],
            "xml": []
          },
          "sensitive_attributes": [],
          "private": "eyJlMmJmYjczMC1lY2FhLTExZTYtOGY4OC0zNDM2M2JjN2M0YzAiOnsiY3JlYXRlIjozMDAwMDAwMDAwMDB9fQ==",
          "dependencies": [
            "libvirt_network.terraform_network",
            "libvirt_pool.terraform_pool",
            "libvirt_volume.base",
            "libvirt_volume.webserver_image"
          ]
        }
      ]
    },
    {
      "mode": "managed",
      "type": "libvirt_network",
      "name": "terraform_network",
      "provider": "provider[\"registry.terraform.io/dmacvicar/libvirt\"]",
      "instances": [
        {
          "schema_version": 0,
          "attributes": {
            "addresses": [
              "10.100.100.0/24"
            ],
            "autostart": false,
            "bridge": "virbr1",
            "dhcp": [
              {
                "enabled": true
              }
            ],
            "dns": [
              {
                "enabled": true,
                "forwarders": [],
                "hosts": [],
                "local_only": false,
                "srvs": []
              }
            ],
            "dnsmasq_options": [],
            "domain": "terraform.local",
            "id": "9355f486-cfe0-4a03-b70a-a6cfa7018313",
            "mode": "nat",
            "mtu": null,
            "name": "terrafrom_network",
            "routes": [],
            "xml": []
          },
          "sensitive_attributes": [],
          "private": "bnVsbA=="
        }
      ]
    },
    {
      "mode": "managed",
      "type": "libvirt_pool",
      "name": "terraform_pool",
      "provider": "provider[\"registry.terraform.io/dmacvicar/libvirt\"]",
      "instances": [
        {
          "schema_version": 0,
          "attributes": {
            "allocation": 456710045696,
            "available": 548731195392,
            "capacity": 1005441241088,
            "id": "efa055da-df73-4381-a888-469ec1665b2c",
            "name": "terraform_pool",
            "path": "/home/astralinux.ru/akorchagin/Work/terraform/terraform_pool",
            "type": "dir",
            "xml": []
          },
          "sensitive_attributes": [],
          "private": "bnVsbA=="
        }
      ]
    },
    {
      "mode": "managed",
      "type": "libvirt_volume",
      "name": "base",
      "provider": "provider[\"registry.terraform.io/dmacvicar/libvirt\"]",
      "instances": [
        {
          "schema_version": 0,
          "attributes": {
            "base_volume_id": null,
            "base_volume_name": null,
            "base_volume_pool": null,
            "format": "qcow2",
            "id": "/home/astralinux.ru/akorchagin/Work/terraform/terraform_pool/base-img.qcow2",
            "name": "base-img.qcow2",
            "pool": "terraform_pool",
            "size": 20971520000,
            "source": "https://dl.astralinux.ru/artifactory/mg-generic/alse/qemu/alse-vanilla-1.7.5uu1-qemu-max-mg12.5.0.qcow2",
            "xml": []
          },
          "sensitive_attributes": [],
          "private": "bnVsbA==",
          "dependencies": [
            "libvirt_pool.terraform_pool"
          ]
        }
      ]
    },
    {
      "mode": "managed",
      "type": "libvirt_volume",
      "name": "database_image",
      "provider": "provider[\"registry.terraform.io/dmacvicar/libvirt\"]",
      "instances": [
        {
          "schema_version": 0,
          "attributes": {
            "base_volume_id": "/home/astralinux.ru/akorchagin/Work/terraform/terraform_pool/base-img.qcow2",
            "base_volume_name": null,
            "base_volume_pool": null,
            "format": "qcow2",
            "id": "/home/astralinux.ru/akorchagin/Work/terraform/terraform_pool/database_image.qcow2",
            "name": "database_image.qcow2",
            "pool": "terraform_pool",
            "size": 32212254720,
            "source": null,
            "xml": []
          },
          "sensitive_attributes": [],
          "private": "bnVsbA==",
          "dependencies": [
            "libvirt_pool.terraform_pool",
            "libvirt_volume.base"
          ]
        }
      ]
    },
    {
      "mode": "managed",
      "type": "libvirt_volume",
      "name": "tester_image",
      "provider": "provider[\"registry.terraform.io/dmacvicar/libvirt\"]",
      "instances": [
        {
          "schema_version": 0,
          "attributes": {
            "base_volume_id": null,
            "base_volume_name": null,
            "base_volume_pool": null,
            "format": "qcow2",
            "id": "/home/astralinux.ru/akorchagin/Work/terraform/terraform_pool/tester_image.qcow2",
            "name": "tester_image.qcow2",
            "pool": "terraform_pool",
            "size": 21474836480,
            "source": null,
            "xml": []
          },
          "sensitive_attributes": [],
          "private": "bnVsbA==",
          "dependencies": [
            "libvirt_pool.terraform_pool"
          ]
        }
      ]
    },
    {
      "mode": "managed",
      "type": "libvirt_volume",
      "name": "webserver_image",
      "provider": "provider[\"registry.terraform.io/dmacvicar/libvirt\"]",
      "instances": [
        {
          "schema_version": 0,
          "attributes": {
            "base_volume_id": "/home/astralinux.ru/akorchagin/Work/terraform/terraform_pool/base-img.qcow2",
            "base_volume_name": null,
            "base_volume_pool": null,
            "format": "qcow2",
            "id": "/home/astralinux.ru/akorchagin/Work/terraform/terraform_pool/webserwer_image.qcow2",
            "name": "webserwer_image.qcow2",
            "pool": "terraform_pool",
            "size": 21474836480,
            "source": null,
            "xml": []
          },
          "sensitive_attributes": [],
          "private": "bnVsbA==",
          "dependencies": [
            "libvirt_pool.terraform_pool",
            "libvirt_volume.base"
          ]
        }
      ]
    }
  ],
  "check_results": null
}
